
Microsoft Visual Studio Solution File, Format Version 12.00
# Visual Studio 14
VisualStudioVersion = 14.0.25420.1
MinimumVisualStudioVersion = 10.0.40219.1
Project("{FAE04EC0-301F-11D3-BF4B-00C04F79EFBC}") = "BacisAuthentication", "BacisAuthentication\BacisAuthentication.csproj", "{BB229E24-DB11-431C-A4F3-60B75F88084F}"
EndProject
Project("{FAE04EC0-301F-11D3-BF4B-00C04F79EFBC}") = "Demo.Data", "Demo.Data\Demo.Data.csproj", "{95221D51-1637-4A93-8538-9B90D3479A86}"
EndProject
Project("{FAE04EC0-301F-11D3-BF4B-00C04F79EFBC}") = "Demo.API", "Demo.API\Demo.API.csproj", "{C8C33961-2C6C-4E77-BF54-628470F2BCD2}"
EndProject
Global
	GlobalSection(SolutionConfigurationPlatforms) = preSolution
		Debug|Any CPU = Debug|Any CPU
		Release|Any CPU = Release|Any CPU
	EndGlobalSection
	GlobalSection(ProjectConfigurationPlatforms) = postSolution
		{BB229E24-DB11-431C-A4F3-60B75F88084F}.Debug|Any CPU.ActiveCfg = Debug|Any CPU
		{BB229E24-DB11-431C-A4F3-60B75F88084F}.Debug|Any CPU.Build.0 = Debug|Any CPU
		{BB229E24-DB11-431C-A4F3-60B75F88084F}.Release|Any CPU.ActiveCfg = Release|Any CPU
		{BB229E24-DB11-431C-A4F3-60B75F88084F}.Release|Any CPU.Build.0 = Release|Any CPU
		{95221D51-1637-4A93-8538-9B90D3479A86}.Debug|Any CPU.ActiveCfg = Debug|Any CPU
		{95221D51-1637-4A93-8538-9B90D3479A86}.Debug|Any CPU.Build.0 = Debug|Any CPU
		{95221D51-1637-4A93-8538-9B90D3479A86}.Release|Any CPU.ActiveCfg = Release|Any CPU
		{95221D51-1637-4A93-8538-9B90D3479A86}.Release|Any CPU.Build.0 = Release|Any CPU
		{C8C33961-2C6C-4E77-BF54-628470F2BCD2}.Debug|Any CPU.ActiveCfg = Debug|Any CPU
		{C8C33961-2C6C-4E77-BF54-628470F2BCD2}.Debug|Any CPU.Build.0 = Debug|Any CPU
		{C8C33961-2C6C-4E77-BF54-628470F2BCD2}.Release|Any CPU.ActiveCfg = Release|Any CPU
		{C8C33961-2C6C-4E77-BF54-628470F2BCD2}.Release|Any CPU.Build.0 = Release|Any CPU
	EndGlobalSection
	GlobalSection(SolutionProperties) = preSolution
		HideSolutionNode = FALSE
	EndGlobalSection
EndGlobal
